
Microsoft Visual Studio Solution File, Format Version 12.00
# Visual Studio Version 17
VisualStudioVersion = 17.1.32228.430
MinimumVisualStudioVersion = 10.0.40219.1
Project("{8BC9CEB8-8B4A-11D0-8D11-00A0C91BC942}") = "1.3.5_CPP", "1.3.5_CPP\1.3.5_CPP.vcxproj", "{5B2FD0E9-B71F-4006-8533-BBAF2AE867A5}"
EndProject
Project("{888888A0-9F3D-457C-B088-3A5042F75D52}") = "1.3.5_Python", "1.3.5_Python\1.3.5_Python.pyproj", "{173E515A-CE7D-4640-BE0C-74FCF8B4BB0C}"
EndProject
Project("{888888A0-9F3D-457C-B088-3A5042F75D52}") = "3.4.2_Python", "3.4.2_Python\3.4.2_Python.pyproj", "{F64CC1D2-883D-42BA-A092-79A208BFC3E0}"
EndProject
Project("{8BC9CEB8-8B4A-11D0-8D11-00A0C91BC942}") = "1.1.4_CPP", "1.1.4_CPP\1.1.4_CPP.vcxproj", "{4125E648-918E-4F0E-A5DA-BDE3C85BA1B2}"
EndProject
Global
	GlobalSection(SolutionConfigurationPlatforms) = preSolution
		Debug|Any CPU = Debug|Any CPU
		Debug|x64 = Debug|x64
		Debug|x86 = Debug|x86
		Release|Any CPU = Release|Any CPU
		Release|x64 = Release|x64
		Release|x86 = Release|x86
	EndGlobalSection
	GlobalSection(ProjectConfigurationPlatforms) = postSolution
		{5B2FD0E9-B71F-4006-8533-BBAF2AE867A5}.Debug|Any CPU.ActiveCfg = Debug|x64
		{5B2FD0E9-B71F-4006-8533-BBAF2AE867A5}.Debug|x64.ActiveCfg = Debug|x64
		{5B2FD0E9-B71F-4006-8533-BBAF2AE867A5}.Debug|x86.ActiveCfg = Debug|Win32
		{5B2FD0E9-B71F-4006-8533-BBAF2AE867A5}.Release|Any CPU.ActiveCfg = Release|x64
		{5B2FD0E9-B71F-4006-8533-BBAF2AE867A5}.Release|x64.ActiveCfg = Release|x64
		{5B2FD0E9-B71F-4006-8533-BBAF2AE867A5}.Release|x86.ActiveCfg = Release|Win32
		{173E515A-CE7D-4640-BE0C-74FCF8B4BB0C}.Debug|Any CPU.ActiveCfg = Debug|Any CPU
		{173E515A-CE7D-4640-BE0C-74FCF8B4BB0C}.Debug|x64.ActiveCfg = Debug|Any CPU
		{173E515A-CE7D-4640-BE0C-74FCF8B4BB0C}.Debug|x86.ActiveCfg = Debug|Any CPU
		{173E515A-CE7D-4640-BE0C-74FCF8B4BB0C}.Release|Any CPU.ActiveCfg = Release|Any CPU
		{173E515A-CE7D-4640-BE0C-74FCF8B4BB0C}.Release|x64.ActiveCfg = Release|Any CPU
		{173E515A-CE7D-4640-BE0C-74FCF8B4BB0C}.Release|x86.ActiveCfg = Release|Any CPU
		{F64CC1D2-883D-42BA-A092-79A208BFC3E0}.Debug|Any CPU.ActiveCfg = Debug|Any CPU
		{F64CC1D2-883D-42BA-A092-79A208BFC3E0}.Debug|x64.ActiveCfg = Debug|Any CPU
		{F64CC1D2-883D-42BA-A092-79A208BFC3E0}.Debug|x86.ActiveCfg = Debug|Any CPU
		{F64CC1D2-883D-42BA-A092-79A208BFC3E0}.Release|Any CPU.ActiveCfg = Release|Any CPU
		{F64CC1D2-883D-42BA-A092-79A208BFC3E0}.Release|x64.ActiveCfg = Release|Any CPU
		{F64CC1D2-883D-42BA-A092-79A208BFC3E0}.Release|x86.ActiveCfg = Release|Any CPU
		{4125E648-918E-4F0E-A5DA-BDE3C85BA1B2}.Debug|Any CPU.ActiveCfg = Debug|x64
		{4125E648-918E-4F0E-A5DA-BDE3C85BA1B2}.Debug|Any CPU.Build.0 = Debug|x64
		{4125E648-918E-4F0E-A5DA-BDE3C85BA1B2}.Debug|x64.ActiveCfg = Debug|x64
		{4125E648-918E-4F0E-A5DA-BDE3C85BA1B2}.Debug|x64.Build.0 = Debug|x64
		{4125E648-918E-4F0E-A5DA-BDE3C85BA1B2}.Debug|x86.ActiveCfg = Debug|Win32
		{4125E648-918E-4F0E-A5DA-BDE3C85BA1B2}.Debug|x86.Build.0 = Debug|Win32
		{4125E648-918E-4F0E-A5DA-BDE3C85BA1B2}.Release|Any CPU.ActiveCfg = Release|x64
		{4125E648-918E-4F0E-A5DA-BDE3C85BA1B2}.Release|Any CPU.Build.0 = Release|x64
		{4125E648-918E-4F0E-A5DA-BDE3C85BA1B2}.Release|x64.ActiveCfg = Release|x64
		{4125E648-918E-4F0E-A5DA-BDE3C85BA1B2}.Release|x64.Build.0 = Release|x64
		{4125E648-918E-4F0E-A5DA-BDE3C85BA1B2}.Release|x86.ActiveCfg = Release|Win32
		{4125E648-918E-4F0E-A5DA-BDE3C85BA1B2}.Release|x86.Build.0 = Release|Win32
		{F64CC1D2-883D-42BA-A092-79A208BFC3E0}.Release|x64.ActiveCfg = Release|Any CPU
		{F64CC1D2-883D-42BA-A092-79A208BFC3E0}.Release|x86.ActiveCfg = Release|Any CPU
	EndGlobalSection
	GlobalSection(SolutionProperties) = preSolution
		HideSolutionNode = FALSE
	EndGlobalSection
	GlobalSection(ExtensibilityGlobals) = postSolution
		SolutionGuid = {0A7ACF91-0085-4B9E-BF10-B795D6A216A4}
	EndGlobalSection
EndGlobal
