
Microsoft Visual Studio Solution File, Format Version 12.00
# Visual Studio Version 17
VisualStudioVersion = 17.1.32228.430
MinimumVisualStudioVersion = 10.0.40219.1
Project("{888888A0-9F3D-457C-B088-3A5042F75D52}") = "3.4.2_Python", "3.4.2_Python\3.4.2_Python.pyproj", "{F64CC1D2-883D-42BA-A092-79A208BFC3E0}"
EndProject
Project("{8BC9CEB8-8B4A-11D0-8D11-00A0C91BC942}") = "1.3.3A_CPP", "1.3.3A_CPP\1.3.3A_CPP.vcxproj", "{B167F169-03F9-49CB-9698-D3F0C2493384}"
EndProject
Project("{888888A0-9F3D-457C-B088-3A5042F75D52}") = "1.3.3B_Python", "1.3.3B_Python\1.3.3B_Python.pyproj", "{D4C457C9-3C1F-4273-AA84-BE248725AD72}"
EndProject
Project("{888888A0-9F3D-457C-B088-3A5042F75D52}") = "2.3.1B_Python", "2.3.1B_Python\2.3.1B_Python.pyproj", "{3C6DBC65-22FE-403C-A9A8-80C56ED0CFCE}"
EndProject
Project("{8BC9CEB8-8B4A-11D0-8D11-00A0C91BC942}") = "1.3.5A_CPP", "1.3.5A_CPP\1.3.5A_CPP.vcxproj", "{B627E73D-09FC-4FC2-BD0B-74F74A949309}"
EndProject
Project("{8BC9CEB8-8B4A-11D0-8D11-00A0C91BC942}") = "1.1.7_CPP", "1.1.7_CPP\1.1.7_CPP.vcxproj", "{D75CFB1C-3199-4763-850E-A4AB9B89B412}"
EndProject
Project("{888888A0-9F3D-457C-B088-3A5042F75D52}") = "1.1.7_Python", "1.1.7_Python\1.1.7_Python.pyproj", "{BB7157F3-8D67-4B73-9131-C4FBD72472AE}"
EndProject
Project("{8BC9CEB8-8B4A-11D0-8D11-00A0C91BC942}") = "3.3.3_CPP", "3.3.3_CPP\3.3.3_CPP.vcxproj", "{D7F9AA4C-DD2D-4BEC-9CF6-75F738A0DDCE}"
EndProject
Project("{888888A0-9F3D-457C-B088-3A5042F75D52}") = "3.3.3_Python", "3.3.3_Python\3.3.3_Python.pyproj", "{2CFF25E2-D562-483C-8DA5-3F31AA9B60D8}"
EndProject
Project("{8BC9CEB8-8B4A-11D0-8D11-00A0C91BC942}") = "1.3.5C_CPP", "1.3.5C_CPP\1.3.5C_CPP.vcxproj", "{AAD43D27-6DE2-4F5B-B789-39129CF317B8}"
EndProject
Project("{888888A0-9F3D-457C-B088-3A5042F75D52}") = "2.3.1A_Python", "2.3.1A_Python\2.3.1A_Python.pyproj", "{17585663-35E9-4629-91D9-320F8B5A78C5}"
EndProject
Project("{8BC9CEB8-8B4A-11D0-8D11-00A0C91BC942}") = "1.1.8_CPP", "1.1.8_CPP\1.1.8_CPP.vcxproj", "{EC33D898-3B13-4A79-9FD8-9A2E802696D5}"
EndProject
Project("{8BC9CEB8-8B4A-11D0-8D11-00A0C91BC942}") = "1.2.4A_CPP", "1.2.4A_CPP\1.2.4A_CPP.vcxproj", "{6B060A38-B58D-449F-8F6C-1D171F58ED66}"
EndProject
Project("{888888A0-9F3D-457C-B088-3A5042F75D52}") = "1.2.4A_Python", "1.2.4A_Python\1.2.4A_Python.pyproj", "{D5681C68-D03D-4F2F-8FC6-EF5DF3CB6D2B}"
EndProject
Project("{888888A0-9F3D-457C-B088-3A5042F75D52}") = "1.3.3A_Python", "1.3.3A_Python\1.3.3A_Python.pyproj", "{087477AF-7827-439C-8229-9060227A44C5}"
EndProject
Project("{8BC9CEB8-8B4A-11D0-8D11-00A0C91BC942}") = "1.3.3B_CPP", "1.3.3B_CPP\1.3.3B_CPP.vcxproj", "{C364DDE5-1005-44FD-A5AA-C699197F6D51}"
EndProject
Project("{8BC9CEB8-8B4A-11D0-8D11-00A0C91BC942}") = "1.5A_CPP", "1.5A_CPP\1.5A_CPP.vcxproj", "{1072C164-4DCC-4BE0-A663-482F4FAD7CAA}"
EndProject
Project("{888888A0-9F3D-457C-B088-3A5042F75D52}") = "1.5A_Python", "1.5A_Python\1.5A_Python.pyproj", "{B864BFAD-7693-4FC1-946E-F7EAEAF34F5A}"
EndProject
Project("{8BC9CEB8-8B4A-11D0-8D11-00A0C91BC942}") = "2.3.4A_CPP", "2.3.4A_CPP\2.3.4A_CPP.vcxproj", "{CEDB7320-1212-48A7-AA63-DB785A18ED28}"
EndProject
Project("{888888A0-9F3D-457C-B088-3A5042F75D52}") = "2.3.4A_Python", "2.3.4A_Python\2.3.4A_Python.pyproj", "{6D29E3BB-945A-4CE5-84C3-2E2E841F6CF0}"
EndProject
Project("{8BC9CEB8-8B4A-11D0-8D11-00A0C91BC942}") = "2.3.4B_CPP", "2.3.4B_CPP\2.3.4B_CPP.vcxproj", "{5AEB9B32-CB30-49B3-B820-831F30F45EF9}"
EndProject
Project("{888888A0-9F3D-457C-B088-3A5042F75D52}") = "2.3.4B_Python", "2.3.4B_Python\2.3.4B_Python.pyproj", "{068E78BD-9D4B-44EB-AC3C-1D1685ED5A76}"
EndProject
Project("{8BC9CEB8-8B4A-11D0-8D11-00A0C91BC942}") = "2.3.4C_CPP", "2.3.4C_CPP\2.3.4C_CPP.vcxproj", "{F2F3CCB1-B1AD-4009-9094-8EBE8F5DDED6}"
EndProject
Project("{888888A0-9F3D-457C-B088-3A5042F75D52}") = "2.3.4C_Python", "2.3.4C_Python\2.3.4C_Python.pyproj", "{0B91E8E8-8981-4B7C-8F70-82601F5FF846}"
EndProject
Project("{8BC9CEB8-8B4A-11D0-8D11-00A0C91BC942}") = "2.3.4D_CPP", "2.3.4D_CPP\2.3.4D_CPP.vcxproj", "{663F2084-91AC-49F3-B185-E146CFBF5FB8}"
EndProject
Project("{888888A0-9F3D-457C-B088-3A5042F75D52}") = "2.3.4D_Python", "2.3.4D_Python\2.3.4D_Python.pyproj", "{BC10FA41-DEA3-4273-A57B-201860B96C7A}"
EndProject
Project("{8BC9CEB8-8B4A-11D0-8D11-00A0C91BC942}") = "2.7.1_CPP", "2.7.1_CPP\2.7.1_CPP.vcxproj", "{4242A7E2-D921-412A-B30E-233C14B01273}"
EndProject
Project("{888888A0-9F3D-457C-B088-3A5042F75D52}") = "2.7.1_Python", "2.7.1_Python\2.7.1_Python.pyproj", "{E74336BE-AB0A-470A-8A1E-CFB0984A6094}"
EndProject
Project("{8BC9CEB8-8B4A-11D0-8D11-00A0C91BC942}") = "3.3.2_CPP", "3.3.2_CPP\3.3.2_CPP.vcxproj", "{DF53D790-101B-403C-9B7D-E7AAE5908DAF}"
EndProject
Project("{888888A0-9F3D-457C-B088-3A5042F75D52}") = "3.3.2_Python", "3.3.2_Python\3.3.2_Python.pyproj", "{B4B6E395-61CF-4ACF-B426-245671DFB907}"
EndProject
Project("{8BC9CEB8-8B4A-11D0-8D11-00A0C91BC942}") = "3.4.4_CPP", "3.4.4_CPP\3.4.4_CPP.vcxproj", "{EC897C3B-1814-49AA-824E-2601BD0987B0}"
EndProject
Project("{888888A0-9F3D-457C-B088-3A5042F75D52}") = "3.4.4_Python", "3.4.4_Python\3.4.4_Python.pyproj", "{20906401-2EE8-4CA5-A017-1CD2C7C439C4}"
EndProject
Project("{8BC9CEB8-8B4A-11D0-8D11-00A0C91BC942}") = "5.1.1_CPP", "5.1.1_CPP\5.1.1_CPP.vcxproj", "{CF115009-20B3-4F2D-9E57-652552739129}"
EndProject
Project("{888888A0-9F3D-457C-B088-3A5042F75D52}") = "5.1.1_Python", "5.1.1_Python\5.1.1_Python.pyproj", "{070DD44E-85AB-4EB7-A2F2-253121834DD7}"
EndProject
Project("{8BC9CEB8-8B4A-11D0-8D11-00A0C91BC942}") = "5.2.3_CPP", "5.2.3_CPP\5.2.3_CPP.vcxproj", "{82313918-2882-41B4-B866-196F1BD0ECBC}"
EndProject
Project("{888888A0-9F3D-457C-B088-3A5042F75D52}") = "5.2.3_Python", "5.2.3_Python\5.2.3_Python.pyproj", "{09DEA2FD-DFC6-4A28-B84B-7AB19FA70D81}"
EndProject
Project("{8BC9CEB8-8B4A-11D0-8D11-00A0C91BC942}") = "6.1.2_CPP", "6.1.2_CPP\6.1.2_CPP.vcxproj", "{07BF0981-F2CB-41CC-9C70-E18D4A85D2FF}"
EndProject
Project("{888888A0-9F3D-457C-B088-3A5042F75D52}") = "6.1.2_Python", "6.1.2_Python\6.1.2_Python.pyproj", "{A357129D-C276-4A34-93B4-F622E2E6558F}"
EndProject
Project("{8BC9CEB8-8B4A-11D0-8D11-00A0C91BC942}") = "6.3.2A_CPP", "6.3.2A_CPP\6.3.2A_CPP.vcxproj", "{2B902171-8252-4E93-9C28-34ECD49AB3F9}"
EndProject
Project("{888888A0-9F3D-457C-B088-3A5042F75D52}") = "6.3.2A_Python", "6.3.2A_Python\6.3.2A_Python.pyproj", "{91848B61-2162-4FD3-AECB-05689335FCF9}"
EndProject
Project("{8BC9CEB8-8B4A-11D0-8D11-00A0C91BC942}") = "6.3.2B_CPP", "6.3.2B_CPP\6.3.2B_CPP.vcxproj", "{D33E9A49-FCF3-4463-874C-BE89D6EFCD43}"
EndProject
Project("{888888A0-9F3D-457C-B088-3A5042F75D52}") = "6.3.2B_Python", "6.3.2B_Python\6.3.2B_Python.pyproj", "{8BB9F1B9-4A94-4510-BD7B-71266BB307FD}"
EndProject
Project("{8BC9CEB8-8B4A-11D0-8D11-00A0C91BC942}") = "6.5.1.1_CPP", "6.5.1.1_CPP\6.5.1.1_CPP.vcxproj", "{43F43B1F-87B7-483E-AEC4-31C024B50980}"
EndProject
Project("{888888A0-9F3D-457C-B088-3A5042F75D52}") = "6.5.1.1_Python", "6.5.1.1_Python\6.5.1.1_Python.pyproj", "{3A089BC7-8C85-4600-A226-1774743B318A}"
EndProject
Project("{8BC9CEB8-8B4A-11D0-8D11-00A0C91BC942}") = "6.5.4.1_CPP", "6.5.4.1_CPP\6.5.4.1_CPP.vcxproj", "{AFA431E5-42C8-4EC9-A282-E04C66EDA331}"
EndProject
Project("{888888A0-9F3D-457C-B088-3A5042F75D52}") = "6.5.4.1_Python", "6.5.4.1_Python\6.5.4.1_Python.pyproj", "{D27FC289-F482-4E3F-BFAD-0EA57EEF9157}"
EndProject
Project("{8BC9CEB8-8B4A-11D0-8D11-00A0C91BC942}") = "7.4_CPP", "7.4_CPP\7.4_CPP.vcxproj", "{AF8570CF-9E08-4071-AFBE-07F6FDDD84C9}"
EndProject
Project("{888888A0-9F3D-457C-B088-3A5042F75D52}") = "7.4_Python", "7.4_Python\7.4_Python.pyproj", "{364806F8-1D10-4486-AF06-C4BB47D32992}"
EndProject
Project("{8BC9CEB8-8B4A-11D0-8D11-00A0C91BC942}") = "7.10_CPP", "7.10_CPP\7.10_CPP.vcxproj", "{6AB108EA-1EE4-4620-AF3C-B482394B47CF}"
EndProject
Project("{888888A0-9F3D-457C-B088-3A5042F75D52}") = "7.10_Python", "7.10_Python\7.10_Python.pyproj", "{7EF36F6D-84F9-4F9F-8129-811283D04368}"
EndProject
Project("{888888A0-9F3D-457C-B088-3A5042F75D52}") = "1.1.8_Python", "1.1.8_Python\1.1.8_Python.pyproj", "{FDDAB411-0DCC-45F1-B605-88BDC38EF6C8}"
EndProject
Project("{8BC9CEB8-8B4A-11D0-8D11-00A0C91BC942}") = "1.3.5B_CPP", "1.3.5B_CPP\1.3.5B_CPP.vcxproj", "{3D94B0FC-D1E7-4781-A849-0E670C1DA14E}"
EndProject
Project("{888888A0-9F3D-457C-B088-3A5042F75D52}") = "2.3.2A_Python", "2.3.2A_Python\2.3.2A_Python.pyproj", "{BC0C966F-7DF5-446B-90AD-D0A3AA64A244}"
EndProject
Project("{8BC9CEB8-8B4A-11D0-8D11-00A0C91BC942}") = "2.3.2A_CPP", "2.3.2A_CPP\2.3.2A_CPP.vcxproj", "{FC13AF51-494C-4C08-9092-76AF19F8398E}"
EndProject
Project("{888888A0-9F3D-457C-B088-3A5042F75D52}") = "2.3.2B_Python", "2.3.2B_Python\2.3.2B_Python.pyproj", "{BED1016C-DFB2-4139-8DD6-8EE17355C704}"
EndProject
Project("{8BC9CEB8-8B4A-11D0-8D11-00A0C91BC942}") = "2.3.2B_CPP", "2.3.2B_CPP\2.3.2B_CPP.vcxproj", "{31C583D3-9FA2-4895-A78F-C1378370CDEF}"
EndProject
Project("{8BC9CEB8-8B4A-11D0-8D11-00A0C91BC942}") = "2.3.2C_CPP", "2.3.2C_CPP\2.3.2C_CPP.vcxproj", "{FF9E33E3-9DC6-40F0-ABFD-B11D271AFD1A}"
EndProject
Project("{888888A0-9F3D-457C-B088-3A5042F75D52}") = "2.3.2C_Python", "2.3.2C_Python\2.3.2C_Python.pyproj", "{208C316A-9AF8-4716-AE12-E41B8A70C60B}"
EndProject
Global
	GlobalSection(SolutionConfigurationPlatforms) = preSolution
		Debug|Any CPU = Debug|Any CPU
		Debug|x64 = Debug|x64
		Debug|x86 = Debug|x86
		Release|Any CPU = Release|Any CPU
		Release|x64 = Release|x64
		Release|x86 = Release|x86
	EndGlobalSection
	GlobalSection(ProjectConfigurationPlatforms) = postSolution
		{F64CC1D2-883D-42BA-A092-79A208BFC3E0}.Debug|Any CPU.ActiveCfg = Debug|Any CPU
		{F64CC1D2-883D-42BA-A092-79A208BFC3E0}.Debug|x64.ActiveCfg = Debug|Any CPU
		{F64CC1D2-883D-42BA-A092-79A208BFC3E0}.Debug|x86.ActiveCfg = Debug|Any CPU
		{F64CC1D2-883D-42BA-A092-79A208BFC3E0}.Release|Any CPU.ActiveCfg = Release|Any CPU
		{F64CC1D2-883D-42BA-A092-79A208BFC3E0}.Release|x64.ActiveCfg = Release|Any CPU
		{F64CC1D2-883D-42BA-A092-79A208BFC3E0}.Release|x86.ActiveCfg = Release|Any CPU
		{B167F169-03F9-49CB-9698-D3F0C2493384}.Debug|Any CPU.ActiveCfg = Debug|x64
		{B167F169-03F9-49CB-9698-D3F0C2493384}.Debug|Any CPU.Build.0 = Debug|x64
		{B167F169-03F9-49CB-9698-D3F0C2493384}.Debug|x64.ActiveCfg = Debug|x64
		{B167F169-03F9-49CB-9698-D3F0C2493384}.Debug|x64.Build.0 = Debug|x64
		{B167F169-03F9-49CB-9698-D3F0C2493384}.Debug|x86.ActiveCfg = Debug|Win32
		{B167F169-03F9-49CB-9698-D3F0C2493384}.Debug|x86.Build.0 = Debug|Win32
		{B167F169-03F9-49CB-9698-D3F0C2493384}.Release|Any CPU.ActiveCfg = Release|x64
		{B167F169-03F9-49CB-9698-D3F0C2493384}.Release|Any CPU.Build.0 = Release|x64
		{B167F169-03F9-49CB-9698-D3F0C2493384}.Release|x64.ActiveCfg = Release|x64
		{B167F169-03F9-49CB-9698-D3F0C2493384}.Release|x64.Build.0 = Release|x64
		{B167F169-03F9-49CB-9698-D3F0C2493384}.Release|x86.ActiveCfg = Release|Win32
		{B167F169-03F9-49CB-9698-D3F0C2493384}.Release|x86.Build.0 = Release|Win32
		{D4C457C9-3C1F-4273-AA84-BE248725AD72}.Debug|Any CPU.ActiveCfg = Debug|Any CPU
		{D4C457C9-3C1F-4273-AA84-BE248725AD72}.Debug|x64.ActiveCfg = Debug|Any CPU
		{D4C457C9-3C1F-4273-AA84-BE248725AD72}.Debug|x86.ActiveCfg = Debug|Any CPU
		{D4C457C9-3C1F-4273-AA84-BE248725AD72}.Release|Any CPU.ActiveCfg = Release|Any CPU
		{D4C457C9-3C1F-4273-AA84-BE248725AD72}.Release|x64.ActiveCfg = Release|Any CPU
		{D4C457C9-3C1F-4273-AA84-BE248725AD72}.Release|x86.ActiveCfg = Release|Any CPU
		{3C6DBC65-22FE-403C-A9A8-80C56ED0CFCE}.Debug|Any CPU.ActiveCfg = Debug|Any CPU
		{3C6DBC65-22FE-403C-A9A8-80C56ED0CFCE}.Debug|x64.ActiveCfg = Debug|Any CPU
		{3C6DBC65-22FE-403C-A9A8-80C56ED0CFCE}.Debug|x86.ActiveCfg = Debug|Any CPU
		{3C6DBC65-22FE-403C-A9A8-80C56ED0CFCE}.Release|Any CPU.ActiveCfg = Release|Any CPU
		{3C6DBC65-22FE-403C-A9A8-80C56ED0CFCE}.Release|x64.ActiveCfg = Release|Any CPU
		{3C6DBC65-22FE-403C-A9A8-80C56ED0CFCE}.Release|x86.ActiveCfg = Release|Any CPU
		{B627E73D-09FC-4FC2-BD0B-74F74A949309}.Debug|Any CPU.ActiveCfg = Debug|x64
		{B627E73D-09FC-4FC2-BD0B-74F74A949309}.Debug|Any CPU.Build.0 = Debug|x64
		{B627E73D-09FC-4FC2-BD0B-74F74A949309}.Debug|x64.ActiveCfg = Debug|x64
		{B627E73D-09FC-4FC2-BD0B-74F74A949309}.Debug|x64.Build.0 = Debug|x64
		{B627E73D-09FC-4FC2-BD0B-74F74A949309}.Debug|x86.ActiveCfg = Debug|Win32
		{B627E73D-09FC-4FC2-BD0B-74F74A949309}.Debug|x86.Build.0 = Debug|Win32
		{B627E73D-09FC-4FC2-BD0B-74F74A949309}.Release|Any CPU.ActiveCfg = Release|x64
		{B627E73D-09FC-4FC2-BD0B-74F74A949309}.Release|Any CPU.Build.0 = Release|x64
		{B627E73D-09FC-4FC2-BD0B-74F74A949309}.Release|x64.ActiveCfg = Release|x64
		{B627E73D-09FC-4FC2-BD0B-74F74A949309}.Release|x64.Build.0 = Release|x64
		{B627E73D-09FC-4FC2-BD0B-74F74A949309}.Release|x86.ActiveCfg = Release|Win32
		{B627E73D-09FC-4FC2-BD0B-74F74A949309}.Release|x86.Build.0 = Release|Win32
		{D75CFB1C-3199-4763-850E-A4AB9B89B412}.Debug|Any CPU.ActiveCfg = Debug|x64
		{D75CFB1C-3199-4763-850E-A4AB9B89B412}.Debug|Any CPU.Build.0 = Debug|x64
		{D75CFB1C-3199-4763-850E-A4AB9B89B412}.Debug|x64.ActiveCfg = Debug|x64
		{D75CFB1C-3199-4763-850E-A4AB9B89B412}.Debug|x64.Build.0 = Debug|x64
		{D75CFB1C-3199-4763-850E-A4AB9B89B412}.Debug|x86.ActiveCfg = Debug|Win32
		{D75CFB1C-3199-4763-850E-A4AB9B89B412}.Debug|x86.Build.0 = Debug|Win32
		{D75CFB1C-3199-4763-850E-A4AB9B89B412}.Release|Any CPU.ActiveCfg = Release|x64
		{D75CFB1C-3199-4763-850E-A4AB9B89B412}.Release|Any CPU.Build.0 = Release|x64
		{D75CFB1C-3199-4763-850E-A4AB9B89B412}.Release|x64.ActiveCfg = Release|x64
		{D75CFB1C-3199-4763-850E-A4AB9B89B412}.Release|x64.Build.0 = Release|x64
		{D75CFB1C-3199-4763-850E-A4AB9B89B412}.Release|x86.ActiveCfg = Release|Win32
		{D75CFB1C-3199-4763-850E-A4AB9B89B412}.Release|x86.Build.0 = Release|Win32
		{BB7157F3-8D67-4B73-9131-C4FBD72472AE}.Debug|Any CPU.ActiveCfg = Debug|Any CPU
		{BB7157F3-8D67-4B73-9131-C4FBD72472AE}.Debug|x64.ActiveCfg = Debug|Any CPU
		{BB7157F3-8D67-4B73-9131-C4FBD72472AE}.Debug|x86.ActiveCfg = Debug|Any CPU
		{BB7157F3-8D67-4B73-9131-C4FBD72472AE}.Release|Any CPU.ActiveCfg = Release|Any CPU
		{BB7157F3-8D67-4B73-9131-C4FBD72472AE}.Release|x64.ActiveCfg = Release|Any CPU
		{BB7157F3-8D67-4B73-9131-C4FBD72472AE}.Release|x86.ActiveCfg = Release|Any CPU
		{D7F9AA4C-DD2D-4BEC-9CF6-75F738A0DDCE}.Debug|Any CPU.ActiveCfg = Debug|x64
		{D7F9AA4C-DD2D-4BEC-9CF6-75F738A0DDCE}.Debug|Any CPU.Build.0 = Debug|x64
		{D7F9AA4C-DD2D-4BEC-9CF6-75F738A0DDCE}.Debug|x64.ActiveCfg = Debug|x64
		{D7F9AA4C-DD2D-4BEC-9CF6-75F738A0DDCE}.Debug|x64.Build.0 = Debug|x64
		{D7F9AA4C-DD2D-4BEC-9CF6-75F738A0DDCE}.Debug|x86.ActiveCfg = Debug|Win32
		{D7F9AA4C-DD2D-4BEC-9CF6-75F738A0DDCE}.Debug|x86.Build.0 = Debug|Win32
		{D7F9AA4C-DD2D-4BEC-9CF6-75F738A0DDCE}.Release|Any CPU.ActiveCfg = Release|x64
		{D7F9AA4C-DD2D-4BEC-9CF6-75F738A0DDCE}.Release|Any CPU.Build.0 = Release|x64
		{D7F9AA4C-DD2D-4BEC-9CF6-75F738A0DDCE}.Release|x64.ActiveCfg = Release|x64
		{D7F9AA4C-DD2D-4BEC-9CF6-75F738A0DDCE}.Release|x64.Build.0 = Release|x64
		{D7F9AA4C-DD2D-4BEC-9CF6-75F738A0DDCE}.Release|x86.ActiveCfg = Release|Win32
		{D7F9AA4C-DD2D-4BEC-9CF6-75F738A0DDCE}.Release|x86.Build.0 = Release|Win32
		{2CFF25E2-D562-483C-8DA5-3F31AA9B60D8}.Debug|Any CPU.ActiveCfg = Debug|Any CPU
		{2CFF25E2-D562-483C-8DA5-3F31AA9B60D8}.Debug|x64.ActiveCfg = Debug|Any CPU
		{2CFF25E2-D562-483C-8DA5-3F31AA9B60D8}.Debug|x86.ActiveCfg = Debug|Any CPU
		{2CFF25E2-D562-483C-8DA5-3F31AA9B60D8}.Release|Any CPU.ActiveCfg = Release|Any CPU
		{2CFF25E2-D562-483C-8DA5-3F31AA9B60D8}.Release|x64.ActiveCfg = Release|Any CPU
		{2CFF25E2-D562-483C-8DA5-3F31AA9B60D8}.Release|x86.ActiveCfg = Release|Any CPU
		{AAD43D27-6DE2-4F5B-B789-39129CF317B8}.Debug|Any CPU.ActiveCfg = Debug|x64
		{AAD43D27-6DE2-4F5B-B789-39129CF317B8}.Debug|Any CPU.Build.0 = Debug|x64
		{AAD43D27-6DE2-4F5B-B789-39129CF317B8}.Debug|x64.ActiveCfg = Debug|x64
		{AAD43D27-6DE2-4F5B-B789-39129CF317B8}.Debug|x64.Build.0 = Debug|x64
		{AAD43D27-6DE2-4F5B-B789-39129CF317B8}.Debug|x86.ActiveCfg = Debug|Win32
		{AAD43D27-6DE2-4F5B-B789-39129CF317B8}.Debug|x86.Build.0 = Debug|Win32
		{AAD43D27-6DE2-4F5B-B789-39129CF317B8}.Release|Any CPU.ActiveCfg = Release|x64
		{AAD43D27-6DE2-4F5B-B789-39129CF317B8}.Release|Any CPU.Build.0 = Release|x64
		{AAD43D27-6DE2-4F5B-B789-39129CF317B8}.Release|x64.ActiveCfg = Release|x64
		{AAD43D27-6DE2-4F5B-B789-39129CF317B8}.Release|x64.Build.0 = Release|x64
		{AAD43D27-6DE2-4F5B-B789-39129CF317B8}.Release|x86.ActiveCfg = Release|Win32
		{AAD43D27-6DE2-4F5B-B789-39129CF317B8}.Release|x86.Build.0 = Release|Win32
		{17585663-35E9-4629-91D9-320F8B5A78C5}.Debug|Any CPU.ActiveCfg = Debug|Any CPU
		{17585663-35E9-4629-91D9-320F8B5A78C5}.Debug|x64.ActiveCfg = Debug|Any CPU
		{17585663-35E9-4629-91D9-320F8B5A78C5}.Debug|x86.ActiveCfg = Debug|Any CPU
		{17585663-35E9-4629-91D9-320F8B5A78C5}.Release|Any CPU.ActiveCfg = Release|Any CPU
		{17585663-35E9-4629-91D9-320F8B5A78C5}.Release|x64.ActiveCfg = Release|Any CPU
		{17585663-35E9-4629-91D9-320F8B5A78C5}.Release|x86.ActiveCfg = Release|Any CPU
		{EC33D898-3B13-4A79-9FD8-9A2E802696D5}.Debug|Any CPU.ActiveCfg = Debug|x64
		{EC33D898-3B13-4A79-9FD8-9A2E802696D5}.Debug|Any CPU.Build.0 = Debug|x64
		{EC33D898-3B13-4A79-9FD8-9A2E802696D5}.Debug|x64.ActiveCfg = Debug|x64
		{EC33D898-3B13-4A79-9FD8-9A2E802696D5}.Debug|x64.Build.0 = Debug|x64
		{EC33D898-3B13-4A79-9FD8-9A2E802696D5}.Debug|x86.ActiveCfg = Debug|Win32
		{EC33D898-3B13-4A79-9FD8-9A2E802696D5}.Debug|x86.Build.0 = Debug|Win32
		{EC33D898-3B13-4A79-9FD8-9A2E802696D5}.Release|Any CPU.ActiveCfg = Release|x64
		{EC33D898-3B13-4A79-9FD8-9A2E802696D5}.Release|Any CPU.Build.0 = Release|x64
		{EC33D898-3B13-4A79-9FD8-9A2E802696D5}.Release|x64.ActiveCfg = Release|x64
		{EC33D898-3B13-4A79-9FD8-9A2E802696D5}.Release|x64.Build.0 = Release|x64
		{EC33D898-3B13-4A79-9FD8-9A2E802696D5}.Release|x86.ActiveCfg = Release|Win32
		{EC33D898-3B13-4A79-9FD8-9A2E802696D5}.Release|x86.Build.0 = Release|Win32
		{6B060A38-B58D-449F-8F6C-1D171F58ED66}.Debug|Any CPU.ActiveCfg = Debug|x64
		{6B060A38-B58D-449F-8F6C-1D171F58ED66}.Debug|Any CPU.Build.0 = Debug|x64
		{6B060A38-B58D-449F-8F6C-1D171F58ED66}.Debug|x64.ActiveCfg = Debug|x64
		{6B060A38-B58D-449F-8F6C-1D171F58ED66}.Debug|x64.Build.0 = Debug|x64
		{6B060A38-B58D-449F-8F6C-1D171F58ED66}.Debug|x86.ActiveCfg = Debug|Win32
		{6B060A38-B58D-449F-8F6C-1D171F58ED66}.Debug|x86.Build.0 = Debug|Win32
		{6B060A38-B58D-449F-8F6C-1D171F58ED66}.Release|Any CPU.ActiveCfg = Release|x64
		{6B060A38-B58D-449F-8F6C-1D171F58ED66}.Release|Any CPU.Build.0 = Release|x64
		{6B060A38-B58D-449F-8F6C-1D171F58ED66}.Release|x64.ActiveCfg = Release|x64
		{6B060A38-B58D-449F-8F6C-1D171F58ED66}.Release|x64.Build.0 = Release|x64
		{6B060A38-B58D-449F-8F6C-1D171F58ED66}.Release|x86.ActiveCfg = Release|Win32
		{6B060A38-B58D-449F-8F6C-1D171F58ED66}.Release|x86.Build.0 = Release|Win32
		{D5681C68-D03D-4F2F-8FC6-EF5DF3CB6D2B}.Debug|Any CPU.ActiveCfg = Debug|Any CPU
		{D5681C68-D03D-4F2F-8FC6-EF5DF3CB6D2B}.Debug|x64.ActiveCfg = Debug|Any CPU
		{D5681C68-D03D-4F2F-8FC6-EF5DF3CB6D2B}.Debug|x86.ActiveCfg = Debug|Any CPU
		{D5681C68-D03D-4F2F-8FC6-EF5DF3CB6D2B}.Release|Any CPU.ActiveCfg = Release|Any CPU
		{D5681C68-D03D-4F2F-8FC6-EF5DF3CB6D2B}.Release|x64.ActiveCfg = Release|Any CPU
		{D5681C68-D03D-4F2F-8FC6-EF5DF3CB6D2B}.Release|x86.ActiveCfg = Release|Any CPU
		{087477AF-7827-439C-8229-9060227A44C5}.Debug|Any CPU.ActiveCfg = Debug|Any CPU
		{087477AF-7827-439C-8229-9060227A44C5}.Debug|x64.ActiveCfg = Debug|Any CPU
		{087477AF-7827-439C-8229-9060227A44C5}.Debug|x86.ActiveCfg = Debug|Any CPU
		{087477AF-7827-439C-8229-9060227A44C5}.Release|Any CPU.ActiveCfg = Release|Any CPU
		{087477AF-7827-439C-8229-9060227A44C5}.Release|x64.ActiveCfg = Release|Any CPU
		{087477AF-7827-439C-8229-9060227A44C5}.Release|x86.ActiveCfg = Release|Any CPU
		{C364DDE5-1005-44FD-A5AA-C699197F6D51}.Debug|Any CPU.ActiveCfg = Debug|x64
		{C364DDE5-1005-44FD-A5AA-C699197F6D51}.Debug|Any CPU.Build.0 = Debug|x64
		{C364DDE5-1005-44FD-A5AA-C699197F6D51}.Debug|x64.ActiveCfg = Debug|x64
		{C364DDE5-1005-44FD-A5AA-C699197F6D51}.Debug|x64.Build.0 = Debug|x64
		{C364DDE5-1005-44FD-A5AA-C699197F6D51}.Debug|x86.ActiveCfg = Debug|Win32
		{C364DDE5-1005-44FD-A5AA-C699197F6D51}.Debug|x86.Build.0 = Debug|Win32
		{C364DDE5-1005-44FD-A5AA-C699197F6D51}.Release|Any CPU.ActiveCfg = Release|x64
		{C364DDE5-1005-44FD-A5AA-C699197F6D51}.Release|Any CPU.Build.0 = Release|x64
		{C364DDE5-1005-44FD-A5AA-C699197F6D51}.Release|x64.ActiveCfg = Release|x64
		{C364DDE5-1005-44FD-A5AA-C699197F6D51}.Release|x64.Build.0 = Release|x64
		{C364DDE5-1005-44FD-A5AA-C699197F6D51}.Release|x86.ActiveCfg = Release|Win32
		{C364DDE5-1005-44FD-A5AA-C699197F6D51}.Release|x86.Build.0 = Release|Win32
		{1072C164-4DCC-4BE0-A663-482F4FAD7CAA}.Debug|Any CPU.ActiveCfg = Debug|x64
		{1072C164-4DCC-4BE0-A663-482F4FAD7CAA}.Debug|Any CPU.Build.0 = Debug|x64
		{1072C164-4DCC-4BE0-A663-482F4FAD7CAA}.Debug|x64.ActiveCfg = Debug|x64
		{1072C164-4DCC-4BE0-A663-482F4FAD7CAA}.Debug|x64.Build.0 = Debug|x64
		{1072C164-4DCC-4BE0-A663-482F4FAD7CAA}.Debug|x86.ActiveCfg = Debug|Win32
		{1072C164-4DCC-4BE0-A663-482F4FAD7CAA}.Debug|x86.Build.0 = Debug|Win32
		{1072C164-4DCC-4BE0-A663-482F4FAD7CAA}.Release|Any CPU.ActiveCfg = Release|x64
		{1072C164-4DCC-4BE0-A663-482F4FAD7CAA}.Release|Any CPU.Build.0 = Release|x64
		{1072C164-4DCC-4BE0-A663-482F4FAD7CAA}.Release|x64.ActiveCfg = Release|x64
		{1072C164-4DCC-4BE0-A663-482F4FAD7CAA}.Release|x64.Build.0 = Release|x64
		{1072C164-4DCC-4BE0-A663-482F4FAD7CAA}.Release|x86.ActiveCfg = Release|Win32
		{1072C164-4DCC-4BE0-A663-482F4FAD7CAA}.Release|x86.Build.0 = Release|Win32
		{B864BFAD-7693-4FC1-946E-F7EAEAF34F5A}.Debug|Any CPU.ActiveCfg = Debug|Any CPU
		{B864BFAD-7693-4FC1-946E-F7EAEAF34F5A}.Debug|x64.ActiveCfg = Debug|Any CPU
		{B864BFAD-7693-4FC1-946E-F7EAEAF34F5A}.Debug|x86.ActiveCfg = Debug|Any CPU
		{B864BFAD-7693-4FC1-946E-F7EAEAF34F5A}.Release|Any CPU.ActiveCfg = Release|Any CPU
		{B864BFAD-7693-4FC1-946E-F7EAEAF34F5A}.Release|x64.ActiveCfg = Release|Any CPU
		{B864BFAD-7693-4FC1-946E-F7EAEAF34F5A}.Release|x86.ActiveCfg = Release|Any CPU
		{CEDB7320-1212-48A7-AA63-DB785A18ED28}.Debug|Any CPU.ActiveCfg = Debug|x64
		{CEDB7320-1212-48A7-AA63-DB785A18ED28}.Debug|Any CPU.Build.0 = Debug|x64
		{CEDB7320-1212-48A7-AA63-DB785A18ED28}.Debug|x64.ActiveCfg = Debug|x64
		{CEDB7320-1212-48A7-AA63-DB785A18ED28}.Debug|x64.Build.0 = Debug|x64
		{CEDB7320-1212-48A7-AA63-DB785A18ED28}.Debug|x86.ActiveCfg = Debug|Win32
		{CEDB7320-1212-48A7-AA63-DB785A18ED28}.Debug|x86.Build.0 = Debug|Win32
		{CEDB7320-1212-48A7-AA63-DB785A18ED28}.Release|Any CPU.ActiveCfg = Release|x64
		{CEDB7320-1212-48A7-AA63-DB785A18ED28}.Release|Any CPU.Build.0 = Release|x64
		{CEDB7320-1212-48A7-AA63-DB785A18ED28}.Release|x64.ActiveCfg = Release|x64
		{CEDB7320-1212-48A7-AA63-DB785A18ED28}.Release|x64.Build.0 = Release|x64
		{CEDB7320-1212-48A7-AA63-DB785A18ED28}.Release|x86.ActiveCfg = Release|Win32
		{CEDB7320-1212-48A7-AA63-DB785A18ED28}.Release|x86.Build.0 = Release|Win32
		{6D29E3BB-945A-4CE5-84C3-2E2E841F6CF0}.Debug|Any CPU.ActiveCfg = Debug|Any CPU
		{6D29E3BB-945A-4CE5-84C3-2E2E841F6CF0}.Debug|x64.ActiveCfg = Debug|Any CPU
		{6D29E3BB-945A-4CE5-84C3-2E2E841F6CF0}.Debug|x86.ActiveCfg = Debug|Any CPU
		{6D29E3BB-945A-4CE5-84C3-2E2E841F6CF0}.Release|Any CPU.ActiveCfg = Release|Any CPU
		{6D29E3BB-945A-4CE5-84C3-2E2E841F6CF0}.Release|x64.ActiveCfg = Release|Any CPU
		{6D29E3BB-945A-4CE5-84C3-2E2E841F6CF0}.Release|x86.ActiveCfg = Release|Any CPU
		{5AEB9B32-CB30-49B3-B820-831F30F45EF9}.Debug|Any CPU.ActiveCfg = Debug|x64
		{5AEB9B32-CB30-49B3-B820-831F30F45EF9}.Debug|Any CPU.Build.0 = Debug|x64
		{5AEB9B32-CB30-49B3-B820-831F30F45EF9}.Debug|x64.ActiveCfg = Debug|x64
		{5AEB9B32-CB30-49B3-B820-831F30F45EF9}.Debug|x64.Build.0 = Debug|x64
		{5AEB9B32-CB30-49B3-B820-831F30F45EF9}.Debug|x86.ActiveCfg = Debug|Win32
		{5AEB9B32-CB30-49B3-B820-831F30F45EF9}.Debug|x86.Build.0 = Debug|Win32
		{5AEB9B32-CB30-49B3-B820-831F30F45EF9}.Release|Any CPU.ActiveCfg = Release|x64
		{5AEB9B32-CB30-49B3-B820-831F30F45EF9}.Release|Any CPU.Build.0 = Release|x64
		{5AEB9B32-CB30-49B3-B820-831F30F45EF9}.Release|x64.ActiveCfg = Release|x64
		{5AEB9B32-CB30-49B3-B820-831F30F45EF9}.Release|x64.Build.0 = Release|x64
		{5AEB9B32-CB30-49B3-B820-831F30F45EF9}.Release|x86.ActiveCfg = Release|Win32
		{5AEB9B32-CB30-49B3-B820-831F30F45EF9}.Release|x86.Build.0 = Release|Win32
		{068E78BD-9D4B-44EB-AC3C-1D1685ED5A76}.Debug|Any CPU.ActiveCfg = Debug|Any CPU
		{068E78BD-9D4B-44EB-AC3C-1D1685ED5A76}.Debug|x64.ActiveCfg = Debug|Any CPU
		{068E78BD-9D4B-44EB-AC3C-1D1685ED5A76}.Debug|x86.ActiveCfg = Debug|Any CPU
		{068E78BD-9D4B-44EB-AC3C-1D1685ED5A76}.Release|Any CPU.ActiveCfg = Release|Any CPU
		{068E78BD-9D4B-44EB-AC3C-1D1685ED5A76}.Release|x64.ActiveCfg = Release|Any CPU
		{068E78BD-9D4B-44EB-AC3C-1D1685ED5A76}.Release|x86.ActiveCfg = Release|Any CPU
		{F2F3CCB1-B1AD-4009-9094-8EBE8F5DDED6}.Debug|Any CPU.ActiveCfg = Debug|x64
		{F2F3CCB1-B1AD-4009-9094-8EBE8F5DDED6}.Debug|Any CPU.Build.0 = Debug|x64
		{F2F3CCB1-B1AD-4009-9094-8EBE8F5DDED6}.Debug|x64.ActiveCfg = Debug|x64
		{F2F3CCB1-B1AD-4009-9094-8EBE8F5DDED6}.Debug|x64.Build.0 = Debug|x64
		{F2F3CCB1-B1AD-4009-9094-8EBE8F5DDED6}.Debug|x86.ActiveCfg = Debug|Win32
		{F2F3CCB1-B1AD-4009-9094-8EBE8F5DDED6}.Debug|x86.Build.0 = Debug|Win32
		{F2F3CCB1-B1AD-4009-9094-8EBE8F5DDED6}.Release|Any CPU.ActiveCfg = Release|x64
		{F2F3CCB1-B1AD-4009-9094-8EBE8F5DDED6}.Release|Any CPU.Build.0 = Release|x64
		{F2F3CCB1-B1AD-4009-9094-8EBE8F5DDED6}.Release|x64.ActiveCfg = Release|x64
		{F2F3CCB1-B1AD-4009-9094-8EBE8F5DDED6}.Release|x64.Build.0 = Release|x64
		{F2F3CCB1-B1AD-4009-9094-8EBE8F5DDED6}.Release|x86.ActiveCfg = Release|Win32
		{F2F3CCB1-B1AD-4009-9094-8EBE8F5DDED6}.Release|x86.Build.0 = Release|Win32
		{0B91E8E8-8981-4B7C-8F70-82601F5FF846}.Debug|Any CPU.ActiveCfg = Debug|Any CPU
		{0B91E8E8-8981-4B7C-8F70-82601F5FF846}.Debug|x64.ActiveCfg = Debug|Any CPU
		{0B91E8E8-8981-4B7C-8F70-82601F5FF846}.Debug|x86.ActiveCfg = Debug|Any CPU
		{0B91E8E8-8981-4B7C-8F70-82601F5FF846}.Release|Any CPU.ActiveCfg = Release|Any CPU
		{0B91E8E8-8981-4B7C-8F70-82601F5FF846}.Release|x64.ActiveCfg = Release|Any CPU
		{0B91E8E8-8981-4B7C-8F70-82601F5FF846}.Release|x86.ActiveCfg = Release|Any CPU
		{663F2084-91AC-49F3-B185-E146CFBF5FB8}.Debug|Any CPU.ActiveCfg = Debug|x64
		{663F2084-91AC-49F3-B185-E146CFBF5FB8}.Debug|Any CPU.Build.0 = Debug|x64
		{663F2084-91AC-49F3-B185-E146CFBF5FB8}.Debug|x64.ActiveCfg = Debug|x64
		{663F2084-91AC-49F3-B185-E146CFBF5FB8}.Debug|x64.Build.0 = Debug|x64
		{663F2084-91AC-49F3-B185-E146CFBF5FB8}.Debug|x86.ActiveCfg = Debug|Win32
		{663F2084-91AC-49F3-B185-E146CFBF5FB8}.Debug|x86.Build.0 = Debug|Win32
		{663F2084-91AC-49F3-B185-E146CFBF5FB8}.Release|Any CPU.ActiveCfg = Release|x64
		{663F2084-91AC-49F3-B185-E146CFBF5FB8}.Release|Any CPU.Build.0 = Release|x64
		{663F2084-91AC-49F3-B185-E146CFBF5FB8}.Release|x64.ActiveCfg = Release|x64
		{663F2084-91AC-49F3-B185-E146CFBF5FB8}.Release|x64.Build.0 = Release|x64
		{663F2084-91AC-49F3-B185-E146CFBF5FB8}.Release|x86.ActiveCfg = Release|Win32
		{663F2084-91AC-49F3-B185-E146CFBF5FB8}.Release|x86.Build.0 = Release|Win32
		{BC10FA41-DEA3-4273-A57B-201860B96C7A}.Debug|Any CPU.ActiveCfg = Debug|Any CPU
		{BC10FA41-DEA3-4273-A57B-201860B96C7A}.Debug|x64.ActiveCfg = Debug|Any CPU
		{BC10FA41-DEA3-4273-A57B-201860B96C7A}.Debug|x86.ActiveCfg = Debug|Any CPU
		{BC10FA41-DEA3-4273-A57B-201860B96C7A}.Release|Any CPU.ActiveCfg = Release|Any CPU
		{BC10FA41-DEA3-4273-A57B-201860B96C7A}.Release|x64.ActiveCfg = Release|Any CPU
		{BC10FA41-DEA3-4273-A57B-201860B96C7A}.Release|x86.ActiveCfg = Release|Any CPU
		{4242A7E2-D921-412A-B30E-233C14B01273}.Debug|Any CPU.ActiveCfg = Debug|x64
		{4242A7E2-D921-412A-B30E-233C14B01273}.Debug|Any CPU.Build.0 = Debug|x64
		{4242A7E2-D921-412A-B30E-233C14B01273}.Debug|x64.ActiveCfg = Debug|x64
		{4242A7E2-D921-412A-B30E-233C14B01273}.Debug|x64.Build.0 = Debug|x64
		{4242A7E2-D921-412A-B30E-233C14B01273}.Debug|x86.ActiveCfg = Debug|Win32
		{4242A7E2-D921-412A-B30E-233C14B01273}.Debug|x86.Build.0 = Debug|Win32
		{4242A7E2-D921-412A-B30E-233C14B01273}.Release|Any CPU.ActiveCfg = Release|x64
		{4242A7E2-D921-412A-B30E-233C14B01273}.Release|Any CPU.Build.0 = Release|x64
		{4242A7E2-D921-412A-B30E-233C14B01273}.Release|x64.ActiveCfg = Release|x64
		{4242A7E2-D921-412A-B30E-233C14B01273}.Release|x64.Build.0 = Release|x64
		{4242A7E2-D921-412A-B30E-233C14B01273}.Release|x86.ActiveCfg = Release|Win32
		{4242A7E2-D921-412A-B30E-233C14B01273}.Release|x86.Build.0 = Release|Win32
		{E74336BE-AB0A-470A-8A1E-CFB0984A6094}.Debug|Any CPU.ActiveCfg = Debug|Any CPU
		{E74336BE-AB0A-470A-8A1E-CFB0984A6094}.Debug|x64.ActiveCfg = Debug|Any CPU
		{E74336BE-AB0A-470A-8A1E-CFB0984A6094}.Debug|x86.ActiveCfg = Debug|Any CPU
		{E74336BE-AB0A-470A-8A1E-CFB0984A6094}.Release|Any CPU.ActiveCfg = Release|Any CPU
		{E74336BE-AB0A-470A-8A1E-CFB0984A6094}.Release|x64.ActiveCfg = Release|Any CPU
		{E74336BE-AB0A-470A-8A1E-CFB0984A6094}.Release|x86.ActiveCfg = Release|Any CPU
		{DF53D790-101B-403C-9B7D-E7AAE5908DAF}.Debug|Any CPU.ActiveCfg = Debug|x64
		{DF53D790-101B-403C-9B7D-E7AAE5908DAF}.Debug|Any CPU.Build.0 = Debug|x64
		{DF53D790-101B-403C-9B7D-E7AAE5908DAF}.Debug|x64.ActiveCfg = Debug|x64
		{DF53D790-101B-403C-9B7D-E7AAE5908DAF}.Debug|x64.Build.0 = Debug|x64
		{DF53D790-101B-403C-9B7D-E7AAE5908DAF}.Debug|x86.ActiveCfg = Debug|Win32
		{DF53D790-101B-403C-9B7D-E7AAE5908DAF}.Debug|x86.Build.0 = Debug|Win32
		{DF53D790-101B-403C-9B7D-E7AAE5908DAF}.Release|Any CPU.ActiveCfg = Release|x64
		{DF53D790-101B-403C-9B7D-E7AAE5908DAF}.Release|Any CPU.Build.0 = Release|x64
		{DF53D790-101B-403C-9B7D-E7AAE5908DAF}.Release|x64.ActiveCfg = Release|x64
		{DF53D790-101B-403C-9B7D-E7AAE5908DAF}.Release|x64.Build.0 = Release|x64
		{DF53D790-101B-403C-9B7D-E7AAE5908DAF}.Release|x86.ActiveCfg = Release|Win32
		{DF53D790-101B-403C-9B7D-E7AAE5908DAF}.Release|x86.Build.0 = Release|Win32
		{B4B6E395-61CF-4ACF-B426-245671DFB907}.Debug|Any CPU.ActiveCfg = Debug|Any CPU
		{B4B6E395-61CF-4ACF-B426-245671DFB907}.Debug|x64.ActiveCfg = Debug|Any CPU
		{B4B6E395-61CF-4ACF-B426-245671DFB907}.Debug|x86.ActiveCfg = Debug|Any CPU
		{B4B6E395-61CF-4ACF-B426-245671DFB907}.Release|Any CPU.ActiveCfg = Release|Any CPU
		{B4B6E395-61CF-4ACF-B426-245671DFB907}.Release|x64.ActiveCfg = Release|Any CPU
		{B4B6E395-61CF-4ACF-B426-245671DFB907}.Release|x86.ActiveCfg = Release|Any CPU
		{EC897C3B-1814-49AA-824E-2601BD0987B0}.Debug|Any CPU.ActiveCfg = Debug|x64
		{EC897C3B-1814-49AA-824E-2601BD0987B0}.Debug|Any CPU.Build.0 = Debug|x64
		{EC897C3B-1814-49AA-824E-2601BD0987B0}.Debug|x64.ActiveCfg = Debug|x64
		{EC897C3B-1814-49AA-824E-2601BD0987B0}.Debug|x64.Build.0 = Debug|x64
		{EC897C3B-1814-49AA-824E-2601BD0987B0}.Debug|x86.ActiveCfg = Debug|Win32
		{EC897C3B-1814-49AA-824E-2601BD0987B0}.Debug|x86.Build.0 = Debug|Win32
		{EC897C3B-1814-49AA-824E-2601BD0987B0}.Release|Any CPU.ActiveCfg = Release|x64
		{EC897C3B-1814-49AA-824E-2601BD0987B0}.Release|Any CPU.Build.0 = Release|x64
		{EC897C3B-1814-49AA-824E-2601BD0987B0}.Release|x64.ActiveCfg = Release|x64
		{EC897C3B-1814-49AA-824E-2601BD0987B0}.Release|x64.Build.0 = Release|x64
		{EC897C3B-1814-49AA-824E-2601BD0987B0}.Release|x86.ActiveCfg = Release|Win32
		{EC897C3B-1814-49AA-824E-2601BD0987B0}.Release|x86.Build.0 = Release|Win32
		{20906401-2EE8-4CA5-A017-1CD2C7C439C4}.Debug|Any CPU.ActiveCfg = Debug|Any CPU
		{20906401-2EE8-4CA5-A017-1CD2C7C439C4}.Debug|x64.ActiveCfg = Debug|Any CPU
		{20906401-2EE8-4CA5-A017-1CD2C7C439C4}.Debug|x86.ActiveCfg = Debug|Any CPU
		{20906401-2EE8-4CA5-A017-1CD2C7C439C4}.Release|Any CPU.ActiveCfg = Release|Any CPU
		{20906401-2EE8-4CA5-A017-1CD2C7C439C4}.Release|x64.ActiveCfg = Release|Any CPU
		{20906401-2EE8-4CA5-A017-1CD2C7C439C4}.Release|x86.ActiveCfg = Release|Any CPU
		{CF115009-20B3-4F2D-9E57-652552739129}.Debug|Any CPU.ActiveCfg = Debug|x64
		{CF115009-20B3-4F2D-9E57-652552739129}.Debug|Any CPU.Build.0 = Debug|x64
		{CF115009-20B3-4F2D-9E57-652552739129}.Debug|x64.ActiveCfg = Debug|x64
		{CF115009-20B3-4F2D-9E57-652552739129}.Debug|x64.Build.0 = Debug|x64
		{CF115009-20B3-4F2D-9E57-652552739129}.Debug|x86.ActiveCfg = Debug|Win32
		{CF115009-20B3-4F2D-9E57-652552739129}.Debug|x86.Build.0 = Debug|Win32
		{CF115009-20B3-4F2D-9E57-652552739129}.Release|Any CPU.ActiveCfg = Release|x64
		{CF115009-20B3-4F2D-9E57-652552739129}.Release|Any CPU.Build.0 = Release|x64
		{CF115009-20B3-4F2D-9E57-652552739129}.Release|x64.ActiveCfg = Release|x64
		{CF115009-20B3-4F2D-9E57-652552739129}.Release|x64.Build.0 = Release|x64
		{CF115009-20B3-4F2D-9E57-652552739129}.Release|x86.ActiveCfg = Release|Win32
		{CF115009-20B3-4F2D-9E57-652552739129}.Release|x86.Build.0 = Release|Win32
		{070DD44E-85AB-4EB7-A2F2-253121834DD7}.Debug|Any CPU.ActiveCfg = Debug|Any CPU
		{070DD44E-85AB-4EB7-A2F2-253121834DD7}.Debug|x64.ActiveCfg = Debug|Any CPU
		{070DD44E-85AB-4EB7-A2F2-253121834DD7}.Debug|x86.ActiveCfg = Debug|Any CPU
		{070DD44E-85AB-4EB7-A2F2-253121834DD7}.Release|Any CPU.ActiveCfg = Release|Any CPU
		{070DD44E-85AB-4EB7-A2F2-253121834DD7}.Release|x64.ActiveCfg = Release|Any CPU
		{070DD44E-85AB-4EB7-A2F2-253121834DD7}.Release|x86.ActiveCfg = Release|Any CPU
		{82313918-2882-41B4-B866-196F1BD0ECBC}.Debug|Any CPU.ActiveCfg = Debug|x64
		{82313918-2882-41B4-B866-196F1BD0ECBC}.Debug|Any CPU.Build.0 = Debug|x64
		{82313918-2882-41B4-B866-196F1BD0ECBC}.Debug|x64.ActiveCfg = Debug|x64
		{82313918-2882-41B4-B866-196F1BD0ECBC}.Debug|x64.Build.0 = Debug|x64
		{82313918-2882-41B4-B866-196F1BD0ECBC}.Debug|x86.ActiveCfg = Debug|Win32
		{82313918-2882-41B4-B866-196F1BD0ECBC}.Debug|x86.Build.0 = Debug|Win32
		{82313918-2882-41B4-B866-196F1BD0ECBC}.Release|Any CPU.ActiveCfg = Release|x64
		{82313918-2882-41B4-B866-196F1BD0ECBC}.Release|Any CPU.Build.0 = Release|x64
		{82313918-2882-41B4-B866-196F1BD0ECBC}.Release|x64.ActiveCfg = Release|x64
		{82313918-2882-41B4-B866-196F1BD0ECBC}.Release|x64.Build.0 = Release|x64
		{82313918-2882-41B4-B866-196F1BD0ECBC}.Release|x86.ActiveCfg = Release|Win32
		{82313918-2882-41B4-B866-196F1BD0ECBC}.Release|x86.Build.0 = Release|Win32
		{09DEA2FD-DFC6-4A28-B84B-7AB19FA70D81}.Debug|Any CPU.ActiveCfg = Debug|Any CPU
		{09DEA2FD-DFC6-4A28-B84B-7AB19FA70D81}.Debug|x64.ActiveCfg = Debug|Any CPU
		{09DEA2FD-DFC6-4A28-B84B-7AB19FA70D81}.Debug|x86.ActiveCfg = Debug|Any CPU
		{09DEA2FD-DFC6-4A28-B84B-7AB19FA70D81}.Release|Any CPU.ActiveCfg = Release|Any CPU
		{09DEA2FD-DFC6-4A28-B84B-7AB19FA70D81}.Release|x64.ActiveCfg = Release|Any CPU
		{09DEA2FD-DFC6-4A28-B84B-7AB19FA70D81}.Release|x86.ActiveCfg = Release|Any CPU
		{07BF0981-F2CB-41CC-9C70-E18D4A85D2FF}.Debug|Any CPU.ActiveCfg = Debug|x64
		{07BF0981-F2CB-41CC-9C70-E18D4A85D2FF}.Debug|Any CPU.Build.0 = Debug|x64
		{07BF0981-F2CB-41CC-9C70-E18D4A85D2FF}.Debug|x64.ActiveCfg = Debug|x64
		{07BF0981-F2CB-41CC-9C70-E18D4A85D2FF}.Debug|x64.Build.0 = Debug|x64
		{07BF0981-F2CB-41CC-9C70-E18D4A85D2FF}.Debug|x86.ActiveCfg = Debug|Win32
		{07BF0981-F2CB-41CC-9C70-E18D4A85D2FF}.Debug|x86.Build.0 = Debug|Win32
		{07BF0981-F2CB-41CC-9C70-E18D4A85D2FF}.Release|Any CPU.ActiveCfg = Release|x64
		{07BF0981-F2CB-41CC-9C70-E18D4A85D2FF}.Release|Any CPU.Build.0 = Release|x64
		{07BF0981-F2CB-41CC-9C70-E18D4A85D2FF}.Release|x64.ActiveCfg = Release|x64
		{07BF0981-F2CB-41CC-9C70-E18D4A85D2FF}.Release|x64.Build.0 = Release|x64
		{07BF0981-F2CB-41CC-9C70-E18D4A85D2FF}.Release|x86.ActiveCfg = Release|Win32
		{07BF0981-F2CB-41CC-9C70-E18D4A85D2FF}.Release|x86.Build.0 = Release|Win32
		{A357129D-C276-4A34-93B4-F622E2E6558F}.Debug|Any CPU.ActiveCfg = Debug|Any CPU
		{A357129D-C276-4A34-93B4-F622E2E6558F}.Debug|x64.ActiveCfg = Debug|Any CPU
		{A357129D-C276-4A34-93B4-F622E2E6558F}.Debug|x86.ActiveCfg = Debug|Any CPU
		{A357129D-C276-4A34-93B4-F622E2E6558F}.Release|Any CPU.ActiveCfg = Release|Any CPU
		{A357129D-C276-4A34-93B4-F622E2E6558F}.Release|x64.ActiveCfg = Release|Any CPU
		{A357129D-C276-4A34-93B4-F622E2E6558F}.Release|x86.ActiveCfg = Release|Any CPU
		{2B902171-8252-4E93-9C28-34ECD49AB3F9}.Debug|Any CPU.ActiveCfg = Debug|x64
		{2B902171-8252-4E93-9C28-34ECD49AB3F9}.Debug|Any CPU.Build.0 = Debug|x64
		{2B902171-8252-4E93-9C28-34ECD49AB3F9}.Debug|x64.ActiveCfg = Debug|x64
		{2B902171-8252-4E93-9C28-34ECD49AB3F9}.Debug|x64.Build.0 = Debug|x64
		{2B902171-8252-4E93-9C28-34ECD49AB3F9}.Debug|x86.ActiveCfg = Debug|Win32
		{2B902171-8252-4E93-9C28-34ECD49AB3F9}.Debug|x86.Build.0 = Debug|Win32
		{2B902171-8252-4E93-9C28-34ECD49AB3F9}.Release|Any CPU.ActiveCfg = Release|x64
		{2B902171-8252-4E93-9C28-34ECD49AB3F9}.Release|Any CPU.Build.0 = Release|x64
		{2B902171-8252-4E93-9C28-34ECD49AB3F9}.Release|x64.ActiveCfg = Release|x64
		{2B902171-8252-4E93-9C28-34ECD49AB3F9}.Release|x64.Build.0 = Release|x64
		{2B902171-8252-4E93-9C28-34ECD49AB3F9}.Release|x86.ActiveCfg = Release|Win32
		{2B902171-8252-4E93-9C28-34ECD49AB3F9}.Release|x86.Build.0 = Release|Win32
		{91848B61-2162-4FD3-AECB-05689335FCF9}.Debug|Any CPU.ActiveCfg = Debug|Any CPU
		{91848B61-2162-4FD3-AECB-05689335FCF9}.Debug|x64.ActiveCfg = Debug|Any CPU
		{91848B61-2162-4FD3-AECB-05689335FCF9}.Debug|x86.ActiveCfg = Debug|Any CPU
		{91848B61-2162-4FD3-AECB-05689335FCF9}.Release|Any CPU.ActiveCfg = Release|Any CPU
		{91848B61-2162-4FD3-AECB-05689335FCF9}.Release|x64.ActiveCfg = Release|Any CPU
		{91848B61-2162-4FD3-AECB-05689335FCF9}.Release|x86.ActiveCfg = Release|Any CPU
		{D33E9A49-FCF3-4463-874C-BE89D6EFCD43}.Debug|Any CPU.ActiveCfg = Debug|x64
		{D33E9A49-FCF3-4463-874C-BE89D6EFCD43}.Debug|Any CPU.Build.0 = Debug|x64
		{D33E9A49-FCF3-4463-874C-BE89D6EFCD43}.Debug|x64.ActiveCfg = Debug|x64
		{D33E9A49-FCF3-4463-874C-BE89D6EFCD43}.Debug|x64.Build.0 = Debug|x64
		{D33E9A49-FCF3-4463-874C-BE89D6EFCD43}.Debug|x86.ActiveCfg = Debug|Win32
		{D33E9A49-FCF3-4463-874C-BE89D6EFCD43}.Debug|x86.Build.0 = Debug|Win32
		{D33E9A49-FCF3-4463-874C-BE89D6EFCD43}.Release|Any CPU.ActiveCfg = Release|x64
		{D33E9A49-FCF3-4463-874C-BE89D6EFCD43}.Release|Any CPU.Build.0 = Release|x64
		{D33E9A49-FCF3-4463-874C-BE89D6EFCD43}.Release|x64.ActiveCfg = Release|x64
		{D33E9A49-FCF3-4463-874C-BE89D6EFCD43}.Release|x64.Build.0 = Release|x64
		{D33E9A49-FCF3-4463-874C-BE89D6EFCD43}.Release|x86.ActiveCfg = Release|Win32
		{D33E9A49-FCF3-4463-874C-BE89D6EFCD43}.Release|x86.Build.0 = Release|Win32
		{8BB9F1B9-4A94-4510-BD7B-71266BB307FD}.Debug|Any CPU.ActiveCfg = Debug|Any CPU
		{8BB9F1B9-4A94-4510-BD7B-71266BB307FD}.Debug|x64.ActiveCfg = Debug|Any CPU
		{8BB9F1B9-4A94-4510-BD7B-71266BB307FD}.Debug|x86.ActiveCfg = Debug|Any CPU
		{8BB9F1B9-4A94-4510-BD7B-71266BB307FD}.Release|Any CPU.ActiveCfg = Release|Any CPU
		{8BB9F1B9-4A94-4510-BD7B-71266BB307FD}.Release|x64.ActiveCfg = Release|Any CPU
		{8BB9F1B9-4A94-4510-BD7B-71266BB307FD}.Release|x86.ActiveCfg = Release|Any CPU
		{43F43B1F-87B7-483E-AEC4-31C024B50980}.Debug|Any CPU.ActiveCfg = Debug|x64
		{43F43B1F-87B7-483E-AEC4-31C024B50980}.Debug|Any CPU.Build.0 = Debug|x64
		{43F43B1F-87B7-483E-AEC4-31C024B50980}.Debug|x64.ActiveCfg = Debug|x64
		{43F43B1F-87B7-483E-AEC4-31C024B50980}.Debug|x64.Build.0 = Debug|x64
		{43F43B1F-87B7-483E-AEC4-31C024B50980}.Debug|x86.ActiveCfg = Debug|Win32
		{43F43B1F-87B7-483E-AEC4-31C024B50980}.Debug|x86.Build.0 = Debug|Win32
		{43F43B1F-87B7-483E-AEC4-31C024B50980}.Release|Any CPU.ActiveCfg = Release|x64
		{43F43B1F-87B7-483E-AEC4-31C024B50980}.Release|Any CPU.Build.0 = Release|x64
		{43F43B1F-87B7-483E-AEC4-31C024B50980}.Release|x64.ActiveCfg = Release|x64
		{43F43B1F-87B7-483E-AEC4-31C024B50980}.Release|x64.Build.0 = Release|x64
		{43F43B1F-87B7-483E-AEC4-31C024B50980}.Release|x86.ActiveCfg = Release|Win32
		{43F43B1F-87B7-483E-AEC4-31C024B50980}.Release|x86.Build.0 = Release|Win32
		{3A089BC7-8C85-4600-A226-1774743B318A}.Debug|Any CPU.ActiveCfg = Debug|Any CPU
		{3A089BC7-8C85-4600-A226-1774743B318A}.Debug|x64.ActiveCfg = Debug|Any CPU
		{3A089BC7-8C85-4600-A226-1774743B318A}.Debug|x86.ActiveCfg = Debug|Any CPU
		{3A089BC7-8C85-4600-A226-1774743B318A}.Release|Any CPU.ActiveCfg = Release|Any CPU
		{3A089BC7-8C85-4600-A226-1774743B318A}.Release|x64.ActiveCfg = Release|Any CPU
		{3A089BC7-8C85-4600-A226-1774743B318A}.Release|x86.ActiveCfg = Release|Any CPU
		{AFA431E5-42C8-4EC9-A282-E04C66EDA331}.Debug|Any CPU.ActiveCfg = Debug|x64
		{AFA431E5-42C8-4EC9-A282-E04C66EDA331}.Debug|Any CPU.Build.0 = Debug|x64
		{AFA431E5-42C8-4EC9-A282-E04C66EDA331}.Debug|x64.ActiveCfg = Debug|x64
		{AFA431E5-42C8-4EC9-A282-E04C66EDA331}.Debug|x64.Build.0 = Debug|x64
		{AFA431E5-42C8-4EC9-A282-E04C66EDA331}.Debug|x86.ActiveCfg = Debug|Win32
		{AFA431E5-42C8-4EC9-A282-E04C66EDA331}.Debug|x86.Build.0 = Debug|Win32
		{AFA431E5-42C8-4EC9-A282-E04C66EDA331}.Release|Any CPU.ActiveCfg = Release|x64
		{AFA431E5-42C8-4EC9-A282-E04C66EDA331}.Release|Any CPU.Build.0 = Release|x64
		{AFA431E5-42C8-4EC9-A282-E04C66EDA331}.Release|x64.ActiveCfg = Release|x64
		{AFA431E5-42C8-4EC9-A282-E04C66EDA331}.Release|x64.Build.0 = Release|x64
		{AFA431E5-42C8-4EC9-A282-E04C66EDA331}.Release|x86.ActiveCfg = Release|Win32
		{AFA431E5-42C8-4EC9-A282-E04C66EDA331}.Release|x86.Build.0 = Release|Win32
		{D27FC289-F482-4E3F-BFAD-0EA57EEF9157}.Debug|Any CPU.ActiveCfg = Debug|Any CPU
		{D27FC289-F482-4E3F-BFAD-0EA57EEF9157}.Debug|x64.ActiveCfg = Debug|Any CPU
		{D27FC289-F482-4E3F-BFAD-0EA57EEF9157}.Debug|x86.ActiveCfg = Debug|Any CPU
		{D27FC289-F482-4E3F-BFAD-0EA57EEF9157}.Release|Any CPU.ActiveCfg = Release|Any CPU
		{D27FC289-F482-4E3F-BFAD-0EA57EEF9157}.Release|x64.ActiveCfg = Release|Any CPU
		{D27FC289-F482-4E3F-BFAD-0EA57EEF9157}.Release|x86.ActiveCfg = Release|Any CPU
		{AF8570CF-9E08-4071-AFBE-07F6FDDD84C9}.Debug|Any CPU.ActiveCfg = Debug|x64
		{AF8570CF-9E08-4071-AFBE-07F6FDDD84C9}.Debug|Any CPU.Build.0 = Debug|x64
		{AF8570CF-9E08-4071-AFBE-07F6FDDD84C9}.Debug|x64.ActiveCfg = Debug|x64
		{AF8570CF-9E08-4071-AFBE-07F6FDDD84C9}.Debug|x64.Build.0 = Debug|x64
		{AF8570CF-9E08-4071-AFBE-07F6FDDD84C9}.Debug|x86.ActiveCfg = Debug|Win32
		{AF8570CF-9E08-4071-AFBE-07F6FDDD84C9}.Debug|x86.Build.0 = Debug|Win32
		{AF8570CF-9E08-4071-AFBE-07F6FDDD84C9}.Release|Any CPU.ActiveCfg = Release|x64
		{AF8570CF-9E08-4071-AFBE-07F6FDDD84C9}.Release|Any CPU.Build.0 = Release|x64
		{AF8570CF-9E08-4071-AFBE-07F6FDDD84C9}.Release|x64.ActiveCfg = Release|x64
		{AF8570CF-9E08-4071-AFBE-07F6FDDD84C9}.Release|x64.Build.0 = Release|x64
		{AF8570CF-9E08-4071-AFBE-07F6FDDD84C9}.Release|x86.ActiveCfg = Release|Win32
		{AF8570CF-9E08-4071-AFBE-07F6FDDD84C9}.Release|x86.Build.0 = Release|Win32
		{364806F8-1D10-4486-AF06-C4BB47D32992}.Debug|Any CPU.ActiveCfg = Debug|Any CPU
		{364806F8-1D10-4486-AF06-C4BB47D32992}.Debug|x64.ActiveCfg = Debug|Any CPU
		{364806F8-1D10-4486-AF06-C4BB47D32992}.Debug|x86.ActiveCfg = Debug|Any CPU
		{364806F8-1D10-4486-AF06-C4BB47D32992}.Release|Any CPU.ActiveCfg = Release|Any CPU
		{364806F8-1D10-4486-AF06-C4BB47D32992}.Release|x64.ActiveCfg = Release|Any CPU
		{364806F8-1D10-4486-AF06-C4BB47D32992}.Release|x86.ActiveCfg = Release|Any CPU
		{6AB108EA-1EE4-4620-AF3C-B482394B47CF}.Debug|Any CPU.ActiveCfg = Debug|x64
		{6AB108EA-1EE4-4620-AF3C-B482394B47CF}.Debug|Any CPU.Build.0 = Debug|x64
		{6AB108EA-1EE4-4620-AF3C-B482394B47CF}.Debug|x64.ActiveCfg = Debug|x64
		{6AB108EA-1EE4-4620-AF3C-B482394B47CF}.Debug|x64.Build.0 = Debug|x64
		{6AB108EA-1EE4-4620-AF3C-B482394B47CF}.Debug|x86.ActiveCfg = Debug|Win32
		{6AB108EA-1EE4-4620-AF3C-B482394B47CF}.Debug|x86.Build.0 = Debug|Win32
		{6AB108EA-1EE4-4620-AF3C-B482394B47CF}.Release|Any CPU.ActiveCfg = Release|x64
		{6AB108EA-1EE4-4620-AF3C-B482394B47CF}.Release|Any CPU.Build.0 = Release|x64
		{6AB108EA-1EE4-4620-AF3C-B482394B47CF}.Release|x64.ActiveCfg = Release|x64
		{6AB108EA-1EE4-4620-AF3C-B482394B47CF}.Release|x64.Build.0 = Release|x64
		{6AB108EA-1EE4-4620-AF3C-B482394B47CF}.Release|x86.ActiveCfg = Release|Win32
		{6AB108EA-1EE4-4620-AF3C-B482394B47CF}.Release|x86.Build.0 = Release|Win32
		{7EF36F6D-84F9-4F9F-8129-811283D04368}.Debug|Any CPU.ActiveCfg = Debug|Any CPU
		{7EF36F6D-84F9-4F9F-8129-811283D04368}.Debug|x64.ActiveCfg = Debug|Any CPU
		{7EF36F6D-84F9-4F9F-8129-811283D04368}.Debug|x86.ActiveCfg = Debug|Any CPU
		{7EF36F6D-84F9-4F9F-8129-811283D04368}.Release|Any CPU.ActiveCfg = Release|Any CPU
		{7EF36F6D-84F9-4F9F-8129-811283D04368}.Release|x64.ActiveCfg = Release|Any CPU
		{7EF36F6D-84F9-4F9F-8129-811283D04368}.Release|x86.ActiveCfg = Release|Any CPU
		{FDDAB411-0DCC-45F1-B605-88BDC38EF6C8}.Debug|Any CPU.ActiveCfg = Debug|Any CPU
		{FDDAB411-0DCC-45F1-B605-88BDC38EF6C8}.Debug|x64.ActiveCfg = Debug|Any CPU
		{FDDAB411-0DCC-45F1-B605-88BDC38EF6C8}.Debug|x86.ActiveCfg = Debug|Any CPU
		{FDDAB411-0DCC-45F1-B605-88BDC38EF6C8}.Release|Any CPU.ActiveCfg = Release|Any CPU
		{FDDAB411-0DCC-45F1-B605-88BDC38EF6C8}.Release|x64.ActiveCfg = Release|Any CPU
		{FDDAB411-0DCC-45F1-B605-88BDC38EF6C8}.Release|x86.ActiveCfg = Release|Any CPU
		{3D94B0FC-D1E7-4781-A849-0E670C1DA14E}.Debug|Any CPU.ActiveCfg = Debug|x64
		{3D94B0FC-D1E7-4781-A849-0E670C1DA14E}.Debug|Any CPU.Build.0 = Debug|x64
		{3D94B0FC-D1E7-4781-A849-0E670C1DA14E}.Debug|x64.ActiveCfg = Debug|x64
		{3D94B0FC-D1E7-4781-A849-0E670C1DA14E}.Debug|x64.Build.0 = Debug|x64
		{3D94B0FC-D1E7-4781-A849-0E670C1DA14E}.Debug|x86.ActiveCfg = Debug|Win32
		{3D94B0FC-D1E7-4781-A849-0E670C1DA14E}.Debug|x86.Build.0 = Debug|Win32
		{3D94B0FC-D1E7-4781-A849-0E670C1DA14E}.Release|Any CPU.ActiveCfg = Release|x64
		{3D94B0FC-D1E7-4781-A849-0E670C1DA14E}.Release|Any CPU.Build.0 = Release|x64
		{3D94B0FC-D1E7-4781-A849-0E670C1DA14E}.Release|x64.ActiveCfg = Release|x64
		{3D94B0FC-D1E7-4781-A849-0E670C1DA14E}.Release|x64.Build.0 = Release|x64
		{3D94B0FC-D1E7-4781-A849-0E670C1DA14E}.Release|x86.ActiveCfg = Release|Win32
		{3D94B0FC-D1E7-4781-A849-0E670C1DA14E}.Release|x86.Build.0 = Release|Win32
		{BC0C966F-7DF5-446B-90AD-D0A3AA64A244}.Debug|Any CPU.ActiveCfg = Debug|Any CPU
		{BC0C966F-7DF5-446B-90AD-D0A3AA64A244}.Debug|x64.ActiveCfg = Debug|Any CPU
		{BC0C966F-7DF5-446B-90AD-D0A3AA64A244}.Debug|x86.ActiveCfg = Debug|Any CPU
		{BC0C966F-7DF5-446B-90AD-D0A3AA64A244}.Release|Any CPU.ActiveCfg = Release|Any CPU
		{BC0C966F-7DF5-446B-90AD-D0A3AA64A244}.Release|x64.ActiveCfg = Release|Any CPU
		{BC0C966F-7DF5-446B-90AD-D0A3AA64A244}.Release|x86.ActiveCfg = Release|Any CPU
		{FC13AF51-494C-4C08-9092-76AF19F8398E}.Debug|Any CPU.ActiveCfg = Debug|x64
		{FC13AF51-494C-4C08-9092-76AF19F8398E}.Debug|Any CPU.Build.0 = Debug|x64
		{FC13AF51-494C-4C08-9092-76AF19F8398E}.Debug|x64.ActiveCfg = Debug|x64
		{FC13AF51-494C-4C08-9092-76AF19F8398E}.Debug|x64.Build.0 = Debug|x64
		{FC13AF51-494C-4C08-9092-76AF19F8398E}.Debug|x86.ActiveCfg = Debug|Win32
		{FC13AF51-494C-4C08-9092-76AF19F8398E}.Debug|x86.Build.0 = Debug|Win32
		{FC13AF51-494C-4C08-9092-76AF19F8398E}.Release|Any CPU.ActiveCfg = Release|x64
		{FC13AF51-494C-4C08-9092-76AF19F8398E}.Release|Any CPU.Build.0 = Release|x64
		{FC13AF51-494C-4C08-9092-76AF19F8398E}.Release|x64.ActiveCfg = Release|x64
		{FC13AF51-494C-4C08-9092-76AF19F8398E}.Release|x64.Build.0 = Release|x64
		{FC13AF51-494C-4C08-9092-76AF19F8398E}.Release|x86.ActiveCfg = Release|Win32
		{FC13AF51-494C-4C08-9092-76AF19F8398E}.Release|x86.Build.0 = Release|Win32
		{BED1016C-DFB2-4139-8DD6-8EE17355C704}.Debug|Any CPU.ActiveCfg = Debug|Any CPU
		{BED1016C-DFB2-4139-8DD6-8EE17355C704}.Debug|x64.ActiveCfg = Debug|Any CPU
		{BED1016C-DFB2-4139-8DD6-8EE17355C704}.Debug|x86.ActiveCfg = Debug|Any CPU
		{BED1016C-DFB2-4139-8DD6-8EE17355C704}.Release|Any CPU.ActiveCfg = Release|Any CPU
		{BED1016C-DFB2-4139-8DD6-8EE17355C704}.Release|x64.ActiveCfg = Release|Any CPU
		{BED1016C-DFB2-4139-8DD6-8EE17355C704}.Release|x86.ActiveCfg = Release|Any CPU
		{31C583D3-9FA2-4895-A78F-C1378370CDEF}.Debug|Any CPU.ActiveCfg = Debug|x64
		{31C583D3-9FA2-4895-A78F-C1378370CDEF}.Debug|Any CPU.Build.0 = Debug|x64
		{31C583D3-9FA2-4895-A78F-C1378370CDEF}.Debug|x64.ActiveCfg = Debug|x64
		{31C583D3-9FA2-4895-A78F-C1378370CDEF}.Debug|x64.Build.0 = Debug|x64
		{31C583D3-9FA2-4895-A78F-C1378370CDEF}.Debug|x86.ActiveCfg = Debug|Win32
		{31C583D3-9FA2-4895-A78F-C1378370CDEF}.Debug|x86.Build.0 = Debug|Win32
		{31C583D3-9FA2-4895-A78F-C1378370CDEF}.Release|Any CPU.ActiveCfg = Release|x64
		{31C583D3-9FA2-4895-A78F-C1378370CDEF}.Release|Any CPU.Build.0 = Release|x64
		{31C583D3-9FA2-4895-A78F-C1378370CDEF}.Release|x64.ActiveCfg = Release|x64
		{31C583D3-9FA2-4895-A78F-C1378370CDEF}.Release|x64.Build.0 = Release|x64
		{31C583D3-9FA2-4895-A78F-C1378370CDEF}.Release|x86.ActiveCfg = Release|Win32
		{31C583D3-9FA2-4895-A78F-C1378370CDEF}.Release|x86.Build.0 = Release|Win32
		{FF9E33E3-9DC6-40F0-ABFD-B11D271AFD1A}.Debug|Any CPU.ActiveCfg = Debug|x64
		{FF9E33E3-9DC6-40F0-ABFD-B11D271AFD1A}.Debug|Any CPU.Build.0 = Debug|x64
		{FF9E33E3-9DC6-40F0-ABFD-B11D271AFD1A}.Debug|x64.ActiveCfg = Debug|x64
		{FF9E33E3-9DC6-40F0-ABFD-B11D271AFD1A}.Debug|x64.Build.0 = Debug|x64
		{FF9E33E3-9DC6-40F0-ABFD-B11D271AFD1A}.Debug|x86.ActiveCfg = Debug|Win32
		{FF9E33E3-9DC6-40F0-ABFD-B11D271AFD1A}.Debug|x86.Build.0 = Debug|Win32
		{FF9E33E3-9DC6-40F0-ABFD-B11D271AFD1A}.Release|Any CPU.ActiveCfg = Release|x64
		{FF9E33E3-9DC6-40F0-ABFD-B11D271AFD1A}.Release|Any CPU.Build.0 = Release|x64
		{FF9E33E3-9DC6-40F0-ABFD-B11D271AFD1A}.Release|x64.ActiveCfg = Release|x64
		{FF9E33E3-9DC6-40F0-ABFD-B11D271AFD1A}.Release|x64.Build.0 = Release|x64
		{FF9E33E3-9DC6-40F0-ABFD-B11D271AFD1A}.Release|x86.ActiveCfg = Release|Win32
		{FF9E33E3-9DC6-40F0-ABFD-B11D271AFD1A}.Release|x86.Build.0 = Release|Win32
		{208C316A-9AF8-4716-AE12-E41B8A70C60B}.Debug|Any CPU.ActiveCfg = Debug|Any CPU
		{208C316A-9AF8-4716-AE12-E41B8A70C60B}.Debug|x64.ActiveCfg = Debug|Any CPU
		{208C316A-9AF8-4716-AE12-E41B8A70C60B}.Debug|x86.ActiveCfg = Debug|Any CPU
		{208C316A-9AF8-4716-AE12-E41B8A70C60B}.Release|Any CPU.ActiveCfg = Release|Any CPU
		{208C316A-9AF8-4716-AE12-E41B8A70C60B}.Release|x64.ActiveCfg = Release|Any CPU
		{208C316A-9AF8-4716-AE12-E41B8A70C60B}.Release|x86.ActiveCfg = Release|Any CPU
	EndGlobalSection
	GlobalSection(SolutionProperties) = preSolution
		HideSolutionNode = FALSE
	EndGlobalSection
	GlobalSection(ExtensibilityGlobals) = postSolution
		SolutionGuid = {0A7ACF91-0085-4B9E-BF10-B795D6A216A4}
	EndGlobalSection
EndGlobal
